
Microsoft Visual Studio Solution File, Format Version 12.00
# Visual Studio Version 17
VisualStudioVersion = 17.5.002.0
MinimumVisualStudioVersion = 10.0.40219.1
Project("{9A19103F-16F7-4668-BE54-9A1E7A4F7556}") = "Replenishment.API", "Replenishment.API.csproj", "{A8865F86-8DAF-4BF4-95F5-1E81F668CFFB}"
EndProject
Global
	GlobalSection(SolutionConfigurationPlatforms) = preSolution
		Debug|Any CPU = Debug|Any CPU
		Release|Any CPU = Release|Any CPU
	EndGlobalSection
	GlobalSection(ProjectConfigurationPlatforms) = postSolution
		{A8865F86-8DAF-4BF4-95F5-1E81F668CFFB}.Debug|Any CPU.ActiveCfg = Debug|Any CPU
		{A8865F86-8DAF-4BF4-95F5-1E81F668CFFB}.Debug|Any CPU.Build.0 = Debug|Any CPU
		{A8865F86-8DAF-4BF4-95F5-1E81F668CFFB}.Release|Any CPU.ActiveCfg = Release|Any CPU
		{A8865F86-8DAF-4BF4-95F5-1E81F668CFFB}.Release|Any CPU.Build.0 = Release|Any CPU
	EndGlobalSection
	GlobalSection(SolutionProperties) = preSolution
		HideSolutionNode = FALSE
	EndGlobalSection
	GlobalSection(ExtensibilityGlobals) = postSolution
		SolutionGuid = {2C53CEE4-23D6-4F6D-B43F-F03D15409B53}
	EndGlobalSection
EndGlobal
